// !$*UTF8*$!
{
	archiveVersion = 1;
	classes = {
	};
	objectVersion = 50;
	objects = {

/* Begin PBXBuildFile section */
		E919354C227B279000D2FD7B /* URL+Helpers.swift in Sources */ = {isa = PBXBuildFile; fileRef = E919354B227B279000D2FD7B /* URL+Helpers.swift */; };
		E919354E227B2A2D00D2FD7B /* QuestionModel.swift in Sources */ = {isa = PBXBuildFile; fileRef = E919354D227B2A2D00D2FD7B /* QuestionModel.swift */; };
		E9193554227D7F0600D2FD7B /* HighscoreModel.swift in Sources */ = {isa = PBXBuildFile; fileRef = E9193553227D7F0600D2FD7B /* HighscoreModel.swift */; };
		E9201F272270EA8E0069B42A /* QuestionItemController.swift in Sources */ = {isa = PBXBuildFile; fileRef = E9201F262270EA8E0069B42A /* QuestionItemController.swift */; };
		E97C67BD2277555000BCBC2B /* StartViewController.swift in Sources */ = {isa = PBXBuildFile; fileRef = E97C67BC2277555000BCBC2B /* StartViewController.swift */; };
		E9A57FE5227DBD1A0000EEA2 /* PlayerItemController.swift in Sources */ = {isa = PBXBuildFile; fileRef = E9A57FE4227DBD1A0000EEA2 /* PlayerItemController.swift */; };
		E9A57FE7227DC7FF0000EEA2 /* HighScoresTableViewController.swift in Sources */ = {isa = PBXBuildFile; fileRef = E9A57FE6227DC7FF0000EEA2 /* HighScoresTableViewController.swift */; };
		E9FF4F0821C2A1120015AFEE /* AppDelegate.swift in Sources */ = {isa = PBXBuildFile; fileRef = E9FF4F0721C2A1120015AFEE /* AppDelegate.swift */; };
		E9FF4F0A21C2A1120015AFEE /* GamePlayViewController.swift in Sources */ = {isa = PBXBuildFile; fileRef = E9FF4F0921C2A1120015AFEE /* GamePlayViewController.swift */; };
		E9FF4F0D21C2A1120015AFEE /* Main.storyboard in Resources */ = {isa = PBXBuildFile; fileRef = E9FF4F0B21C2A1120015AFEE /* Main.storyboard */; };
		E9FF4F0F21C2A1140015AFEE /* Assets.xcassets in Resources */ = {isa = PBXBuildFile; fileRef = E9FF4F0E21C2A1140015AFEE /* Assets.xcassets */; };
		E9FF4F1221C2A1140015AFEE /* LaunchScreen.storyboard in Resources */ = {isa = PBXBuildFile; fileRef = E9FF4F1021C2A1140015AFEE /* LaunchScreen.storyboard */; };
		FF9E184AFB43B4339E9508E7 /* Pods_Trivia.framework in Frameworks */ = {isa = PBXBuildFile; fileRef = A30DBF3787CD96B0F7A3C3AC /* Pods_Trivia.framework */; };
/* End PBXBuildFile section */

/* Begin PBXFileReference section */
		0867C5EC5C6D340FBE142A73 /* Pods-Trivia.release.xcconfig */ = {isa = PBXFileReference; includeInIndex = 1; lastKnownFileType = text.xcconfig; name = "Pods-Trivia.release.xcconfig"; path = "Target Support Files/Pods-Trivia/Pods-Trivia.release.xcconfig"; sourceTree = "<group>"; };
		72DB050FED667898E428F675 /* Pods-Trivia.debug.xcconfig */ = {isa = PBXFileReference; includeInIndex = 1; lastKnownFileType = text.xcconfig; name = "Pods-Trivia.debug.xcconfig"; path = "Target Support Files/Pods-Trivia/Pods-Trivia.debug.xcconfig"; sourceTree = "<group>"; };
		A30DBF3787CD96B0F7A3C3AC /* Pods_Trivia.framework */ = {isa = PBXFileReference; explicitFileType = wrapper.framework; includeInIndex = 0; path = Pods_Trivia.framework; sourceTree = BUILT_PRODUCTS_DIR; };
		E919354B227B279000D2FD7B /* URL+Helpers.swift */ = {isa = PBXFileReference; lastKnownFileType = sourcecode.swift; path = "URL+Helpers.swift"; sourceTree = "<group>"; };
		E919354D227B2A2D00D2FD7B /* QuestionModel.swift */ = {isa = PBXFileReference; lastKnownFileType = sourcecode.swift; path = QuestionModel.swift; sourceTree = "<group>"; };
		E9193553227D7F0600D2FD7B /* HighscoreModel.swift */ = {isa = PBXFileReference; lastKnownFileType = sourcecode.swift; path = HighscoreModel.swift; sourceTree = "<group>"; };
		E9201F262270EA8E0069B42A /* QuestionItemController.swift */ = {isa = PBXFileReference; lastKnownFileType = sourcecode.swift; path = QuestionItemController.swift; sourceTree = "<group>"; };
		E97C67BC2277555000BCBC2B /* StartViewController.swift */ = {isa = PBXFileReference; lastKnownFileType = sourcecode.swift; path = StartViewController.swift; sourceTree = "<group>"; };
		E9A57FE4227DBD1A0000EEA2 /* PlayerItemController.swift */ = {isa = PBXFileReference; lastKnownFileType = sourcecode.swift; path = PlayerItemController.swift; sourceTree = "<group>"; };
		E9A57FE6227DC7FF0000EEA2 /* HighScoresTableViewController.swift */ = {isa = PBXFileReference; lastKnownFileType = sourcecode.swift; path = HighScoresTableViewController.swift; sourceTree = "<group>"; };
		E9FF4F0421C2A1120015AFEE /* Trivia.app */ = {isa = PBXFileReference; explicitFileType = wrapper.application; includeInIndex = 0; path = Trivia.app; sourceTree = BUILT_PRODUCTS_DIR; };
		E9FF4F0721C2A1120015AFEE /* AppDelegate.swift */ = {isa = PBXFileReference; lastKnownFileType = sourcecode.swift; path = AppDelegate.swift; sourceTree = "<group>"; };
		E9FF4F0921C2A1120015AFEE /* GamePlayViewController.swift */ = {isa = PBXFileReference; lastKnownFileType = sourcecode.swift; path = GamePlayViewController.swift; sourceTree = "<group>"; };
		E9FF4F0C21C2A1120015AFEE /* Base */ = {isa = PBXFileReference; lastKnownFileType = file.storyboard; name = Base; path = Base.lproj/Main.storyboard; sourceTree = "<group>"; };
		E9FF4F0E21C2A1140015AFEE /* Assets.xcassets */ = {isa = PBXFileReference; lastKnownFileType = folder.assetcatalog; path = Assets.xcassets; sourceTree = "<group>"; };
		E9FF4F1121C2A1140015AFEE /* Base */ = {isa = PBXFileReference; lastKnownFileType = file.storyboard; name = Base; path = Base.lproj/LaunchScreen.storyboard; sourceTree = "<group>"; };
		E9FF4F1321C2A1140015AFEE /* Info.plist */ = {isa = PBXFileReference; lastKnownFileType = text.plist.xml; path = Info.plist; sourceTree = "<group>"; };
/* End PBXFileReference section */

/* Begin PBXFrameworksBuildPhase section */
		E9FF4F0121C2A1120015AFEE /* Frameworks */ = {
			isa = PBXFrameworksBuildPhase;
			buildActionMask = 2147483647;
			files = (
				FF9E184AFB43B4339E9508E7 /* Pods_Trivia.framework in Frameworks */,
			);
			runOnlyForDeploymentPostprocessing = 0;
		};
/* End PBXFrameworksBuildPhase section */

/* Begin PBXGroup section */
		462DFEA4EA40F89B3B38A207 /* Pods */ = {
			isa = PBXGroup;
			children = (
				72DB050FED667898E428F675 /* Pods-Trivia.debug.xcconfig */,
				0867C5EC5C6D340FBE142A73 /* Pods-Trivia.release.xcconfig */,
			);
			path = Pods;
			sourceTree = "<group>";
		};
		E9FF4EFB21C2A1120015AFEE = {
			isa = PBXGroup;
			children = (
				E9FF4F0621C2A1120015AFEE /* Trivia */,
				E9FF4F0521C2A1120015AFEE /* Products */,
				462DFEA4EA40F89B3B38A207 /* Pods */,
				F8040B4AD1B8740B846F427B /* Frameworks */,
			);
			sourceTree = "<group>";
		};
		E9FF4F0521C2A1120015AFEE /* Products */ = {
			isa = PBXGroup;
			children = (
				E9FF4F0421C2A1120015AFEE /* Trivia.app */,
			);
			name = Products;
			sourceTree = "<group>";
		};
		E9FF4F0621C2A1120015AFEE /* Trivia */ = {
			isa = PBXGroup;
			children = (
				E9FF4F1321C2A1140015AFEE /* Info.plist */,
				E9193553227D7F0600D2FD7B /* HighscoreModel.swift */,
				E919354D227B2A2D00D2FD7B /* QuestionModel.swift */,
				E9FF4F0B21C2A1120015AFEE /* Main.storyboard */,
				E97C67BC2277555000BCBC2B /* StartViewController.swift */,
				E9FF4F0921C2A1120015AFEE /* GamePlayViewController.swift */,
				E9A57FE6227DC7FF0000EEA2 /* HighScoresTableViewController.swift */,
				E9FF4F0E21C2A1140015AFEE /* Assets.xcassets */,
				E9201F262270EA8E0069B42A /* QuestionItemController.swift */,
				E9A57FE4227DBD1A0000EEA2 /* PlayerItemController.swift */,
				E9FF4F1021C2A1140015AFEE /* LaunchScreen.storyboard */,
				E9FF4F0721C2A1120015AFEE /* AppDelegate.swift */,
				E919354B227B279000D2FD7B /* URL+Helpers.swift */,
			);
			path = Trivia;
			sourceTree = "<group>";
		};
		F8040B4AD1B8740B846F427B /* Frameworks */ = {
			isa = PBXGroup;
			children = (
				A30DBF3787CD96B0F7A3C3AC /* Pods_Trivia.framework */,
			);
			name = Frameworks;
			sourceTree = "<group>";
		};
/* End PBXGroup section */

/* Begin PBXNativeTarget section */
		E9FF4F0321C2A1120015AFEE /* Trivia */ = {
			isa = PBXNativeTarget;
			buildConfigurationList = E9FF4F1621C2A1140015AFEE /* Build configuration list for PBXNativeTarget "Trivia" */;
			buildPhases = (
				B7ACB38136C3D17A9D6AA14B /* [CP] Check Pods Manifest.lock */,
				E9FF4F0021C2A1120015AFEE /* Sources */,
				E9FF4F0121C2A1120015AFEE /* Frameworks */,
				E9FF4F0221C2A1120015AFEE /* Resources */,
				9E31CBFB4A02C0C1FFE70AFE /* [CP] Embed Pods Frameworks */,
			);
			buildRules = (
			);
			dependencies = (
			);
			name = Trivia;
			productName = Trivia;
			productReference = E9FF4F0421C2A1120015AFEE /* Trivia.app */;
			productType = "com.apple.product-type.application";
		};
/* End PBXNativeTarget section */

/* Begin PBXProject section */
		E9FF4EFC21C2A1120015AFEE /* Project object */ = {
			isa = PBXProject;
			attributes = {
				LastSwiftUpdateCheck = 1010;
				LastUpgradeCheck = 1010;
				ORGANIZATIONNAME = "Thomas Hamburger";
				TargetAttributes = {
					E9FF4F0321C2A1120015AFEE = {
						CreatedOnToolsVersion = 10.1;
						LastSwiftMigration = 1020;
					};
				};
			};
			buildConfigurationList = E9FF4EFF21C2A1120015AFEE /* Build configuration list for PBXProject "Trivia" */;
			compatibilityVersion = "Xcode 9.3";
			developmentRegion = en;
			hasScannedForEncodings = 0;
			knownRegions = (
				en,
				Base,
			);
			mainGroup = E9FF4EFB21C2A1120015AFEE;
			productRefGroup = E9FF4F0521C2A1120015AFEE /* Products */;
			projectDirPath = "";
			projectRoot = "";
			targets = (
				E9FF4F0321C2A1120015AFEE /* Trivia */,
			);
		};
/* End PBXProject section */

/* Begin PBXResourcesBuildPhase section */
		E9FF4F0221C2A1120015AFEE /* Resources */ = {
			isa = PBXResourcesBuildPhase;
			buildActionMask = 2147483647;
			files = (
				E9FF4F1221C2A1140015AFEE /* LaunchScreen.storyboard in Resources */,
				E9FF4F0F21C2A1140015AFEE /* Assets.xcassets in Resources */,
				E9FF4F0D21C2A1120015AFEE /* Main.storyboard in Resources */,
			);
			runOnlyForDeploymentPostprocessing = 0;
		};
/* End PBXResourcesBuildPhase section */

/* Begin PBXShellScriptBuildPhase section */
		9E31CBFB4A02C0C1FFE70AFE /* [CP] Embed Pods Frameworks */ = {
			isa = PBXShellScriptBuildPhase;
			buildActionMask = 2147483647;
			files = (
			);
			inputFileListPaths = (
			);
			inputPaths = (
				"${PODS_ROOT}/Target Support Files/Pods-Trivia/Pods-Trivia-frameworks.sh",
				"${BUILT_PRODUCTS_DIR}/HTMLString/HTMLString.framework",
			);
			name = "[CP] Embed Pods Frameworks";
			outputFileListPaths = (
			);
			outputPaths = (
				"${TARGET_BUILD_DIR}/${FRAMEWORKS_FOLDER_PATH}/HTMLString.framework",
			);
			runOnlyForDeploymentPostprocessing = 0;
			shellPath = /bin/sh;
			shellScript = "\"${PODS_ROOT}/Target Support Files/Pods-Trivia/Pods-Trivia-frameworks.sh\"\n";
			showEnvVarsInLog = 0;
		};
		B7ACB38136C3D17A9D6AA14B /* [CP] Check Pods Manifest.lock */ = {
			isa = PBXShellScriptBuildPhase;
			buildActionMask = 2147483647;
			files = (
			);
			inputFileListPaths = (
			);
			inputPaths = (
				"${PODS_PODFILE_DIR_PATH}/Podfile.lock",
				"${PODS_ROOT}/Manifest.lock",
			);
			name = "[CP] Check Pods Manifest.lock";
			outputFileListPaths = (
			);
			outputPaths = (
				"$(DERIVED_FILE_DIR)/Pods-Trivia-checkManifestLockResult.txt",
			);
			runOnlyForDeploymentPostprocessing = 0;
			shellPath = /bin/sh;
			shellScript = "diff \"${PODS_PODFILE_DIR_PATH}/Podfile.lock\" \"${PODS_ROOT}/Manifest.lock\" > /dev/null\nif [ $? != 0 ] ; then\n    # print error to STDERR\n    echo \"error: The sandbox is not in sync with the Podfile.lock. Run 'pod install' or update your CocoaPods installation.\" >&2\n    exit 1\nfi\n# This output is used by Xcode 'outputs' to avoid re-running this script phase.\necho \"SUCCESS\" > \"${SCRIPT_OUTPUT_FILE_0}\"\n";
			showEnvVarsInLog = 0;
		};
/* End PBXShellScriptBuildPhase section */

/* Begin PBXSourcesBuildPhase section */
		E9FF4F0021C2A1120015AFEE /* Sources */ = {
			isa = PBXSourcesBuildPhase;
			buildActionMask = 2147483647;
			files = (
				E9FF4F0A21C2A1120015AFEE /* GamePlayViewController.swift in Sources */,
				E919354C227B279000D2FD7B /* URL+Helpers.swift in Sources */,
				E919354E227B2A2D00D2FD7B /* QuestionModel.swift in Sources */,
				E97C67BD2277555000BCBC2B /* StartViewController.swift in Sources */,
				E9193554227D7F0600D2FD7B /* HighscoreModel.swift in Sources */,
				E9A57FE5227DBD1A0000EEA2 /* PlayerItemController.swift in Sources */,
				E9A57FE7227DC7FF0000EEA2 /* HighScoresTableViewController.swift in Sources */,
				E9201F272270EA8E0069B42A /* QuestionItemController.swift in Sources */,
				E9FF4F0821C2A1120015AFEE /* AppDelegate.swift in Sources */,
			);
			runOnlyForDeploymentPostprocessing = 0;
		};
/* End PBXSourcesBuildPhase section */

/* Begin PBXVariantGroup section */
		E9FF4F0B21C2A1120015AFEE /* Main.storyboard */ = {
			isa = PBXVariantGroup;
			children = (
				E9FF4F0C21C2A1120015AFEE /* Base */,
			);
			name = Main.storyboard;
			sourceTree = "<group>";
		};
		E9FF4F1021C2A1140015AFEE /* LaunchScreen.storyboard */ = {
			isa = PBXVariantGroup;
			children = (
				E9FF4F1121C2A1140015AFEE /* Base */,
			);
			name = LaunchScreen.storyboard;
			sourceTree = "<group>";
		};
/* End PBXVariantGroup section */

/* Begin XCBuildConfiguration section */
		E9FF4F1421C2A1140015AFEE /* Debug */ = {
			isa = XCBuildConfiguration;
			buildSettings = {
				ALWAYS_SEARCH_USER_PATHS = NO;
				CLANG_ANALYZER_NONNULL = YES;
				CLANG_ANALYZER_NUMBER_OBJECT_CONVERSION = YES_AGGRESSIVE;
				CLANG_CXX_LANGUAGE_STANDARD = "gnu++14";
				CLANG_CXX_LIBRARY = "libc++";
				CLANG_ENABLE_MODULES = YES;
				CLANG_ENABLE_OBJC_ARC = YES;
				CLANG_ENABLE_OBJC_WEAK = YES;
				CLANG_WARN_BLOCK_CAPTURE_AUTORELEASING = YES;
				CLANG_WARN_BOOL_CONVERSION = YES;
				CLANG_WARN_COMMA = YES;
				CLANG_WARN_CONSTANT_CONVERSION = YES;
				CLANG_WARN_DEPRECATED_OBJC_IMPLEMENTATIONS = YES;
				CLANG_WARN_DIRECT_OBJC_ISA_USAGE = YES_ERROR;
				CLANG_WARN_DOCUMENTATION_COMMENTS = YES;
				CLANG_WARN_EMPTY_BODY = YES;
				CLANG_WARN_ENUM_CONVERSION = YES;
				CLANG_WARN_INFINITE_RECURSION = YES;
				CLANG_WARN_INT_CONVERSION = YES;
				CLANG_WARN_NON_LITERAL_NULL_CONVERSION = YES;
				CLANG_WARN_OBJC_IMPLICIT_RETAIN_SELF = YES;
				CLANG_WARN_OBJC_LITERAL_CONVERSION = YES;
				CLANG_WARN_OBJC_ROOT_CLASS = YES_ERROR;
				CLANG_WARN_RANGE_LOOP_ANALYSIS = YES;
				CLANG_WARN_STRICT_PROTOTYPES = YES;
				CLANG_WARN_SUSPICIOUS_MOVE = YES;
				CLANG_WARN_UNGUARDED_AVAILABILITY = YES_AGGRESSIVE;
				CLANG_WARN_UNREACHABLE_CODE = YES;
				CLANG_WARN__DUPLICATE_METHOD_MATCH = YES;
				CODE_SIGN_IDENTITY = "iPhone Developer";
				COPY_PHASE_STRIP = NO;
				DEBUG_INFORMATION_FORMAT = dwarf;
				ENABLE_STRICT_OBJC_MSGSEND = YES;
				ENABLE_TESTABILITY = YES;
				GCC_C_LANGUAGE_STANDARD = gnu11;
				GCC_DYNAMIC_NO_PIC = NO;
				GCC_NO_COMMON_BLOCKS = YES;
				GCC_OPTIMIZATION_LEVEL = 0;
				GCC_PREPROCESSOR_DEFINITIONS = (
					"DEBUG=1",
					"$(inherited)",
				);
				GCC_WARN_64_TO_32_BIT_CONVERSION = YES;
				GCC_WARN_ABOUT_RETURN_TYPE = YES_ERROR;
				GCC_WARN_UNDECLARED_SELECTOR = YES;
				GCC_WARN_UNINITIALIZED_AUTOS = YES_AGGRESSIVE;
				GCC_WARN_UNUSED_FUNCTION = YES;
				GCC_WARN_UNUSED_VARIABLE = YES;
				IPHONEOS_DEPLOYMENT_TARGET = 12.1;
				MTL_ENABLE_DEBUG_INFO = INCLUDE_SOURCE;
				MTL_FAST_MATH = YES;
				ONLY_ACTIVE_ARCH = YES;
				SDKROOT = iphoneos;
				SWIFT_ACTIVE_COMPILATION_CONDITIONS = DEBUG;
				SWIFT_OPTIMIZATION_LEVEL = "-Onone";
			};
			name = Debug;
		};
		E9FF4F1521C2A1140015AFEE /* Release */ = {
			isa = XCBuildConfiguration;
			buildSettings = {
				ALWAYS_SEARCH_USER_PATHS = NO;
				CLANG_ANALYZER_NONNULL = YES;
				CLANG_ANALYZER_NUMBER_OBJECT_CONVERSION = YES_AGGRESSIVE;
				CLANG_CXX_LANGUAGE_STANDARD = "gnu++14";
				CLANG_CXX_LIBRARY = "libc++";
				CLANG_ENABLE_MODULES = YES;
				CLANG_ENABLE_OBJC_ARC = YES;
				CLANG_ENABLE_OBJC_WEAK = YES;
				CLANG_WARN_BLOCK_CAPTURE_AUTORELEASING = YES;
				CLANG_WARN_BOOL_CONVERSION = YES;
				CLANG_WARN_COMMA = YES;
				CLANG_WARN_CONSTANT_CONVERSION = YES;
				CLANG_WARN_DEPRECATED_OBJC_IMPLEMENTATIONS = YES;
				CLANG_WARN_DIRECT_OBJC_ISA_USAGE = YES_ERROR;
				CLANG_WARN_DOCUMENTATION_COMMENTS = YES;
				CLANG_WARN_EMPTY_BODY = YES;
				CLANG_WARN_ENUM_CONVERSION = YES;
				CLANG_WARN_INFINITE_RECURSION = YES;
				CLANG_WARN_INT_CONVERSION = YES;
				CLANG_WARN_NON_LITERAL_NULL_CONVERSION = YES;
				CLANG_WARN_OBJC_IMPLICIT_RETAIN_SELF = YES;
				CLANG_WARN_OBJC_LITERAL_CONVERSION = YES;
				CLANG_WARN_OBJC_ROOT_CLASS = YES_ERROR;
				CLANG_WARN_RANGE_LOOP_ANALYSIS = YES;
				CLANG_WARN_STRICT_PROTOTYPES = YES;
				CLANG_WARN_SUSPICIOUS_MOVE = YES;
				CLANG_WARN_UNGUARDED_AVAILABILITY = YES_AGGRESSIVE;
				CLANG_WARN_UNREACHABLE_CODE = YES;
				CLANG_WARN__DUPLICATE_METHOD_MATCH = YES;
				CODE_SIGN_IDENTITY = "iPhone Developer";
				COPY_PHASE_STRIP = NO;
				DEBUG_INFORMATION_FORMAT = "dwarf-with-dsym";
				ENABLE_NS_ASSERTIONS = NO;
				ENABLE_STRICT_OBJC_MSGSEND = YES;
				GCC_C_LANGUAGE_STANDARD = gnu11;
				GCC_NO_COMMON_BLOCKS = YES;
				GCC_WARN_64_TO_32_BIT_CONVERSION = YES;
				GCC_WARN_ABOUT_RETURN_TYPE = YES_ERROR;
				GCC_WARN_UNDECLARED_SELECTOR = YES;
				GCC_WARN_UNINITIALIZED_AUTOS = YES_AGGRESSIVE;
				GCC_WARN_UNUSED_FUNCTION = YES;
				GCC_WARN_UNUSED_VARIABLE = YES;
				IPHONEOS_DEPLOYMENT_TARGET = 12.1;
				MTL_ENABLE_DEBUG_INFO = NO;
				MTL_FAST_MATH = YES;
				SDKROOT = iphoneos;
				SWIFT_COMPILATION_MODE = wholemodule;
				SWIFT_OPTIMIZATION_LEVEL = "-O";
				VALIDATE_PRODUCT = YES;
			};
			name = Release;
		};
		E9FF4F1721C2A1140015AFEE /* Debug */ = {
			isa = XCBuildConfiguration;
			baseConfigurationReference = 72DB050FED667898E428F675 /* Pods-Trivia.debug.xcconfig */;
			buildSettings = {
				ASSETCATALOG_COMPILER_APPICON_NAME = AppIcon;
				CODE_SIGN_STYLE = Automatic;
				DEVELOPMENT_TEAM = T2LS374DVV;
				INFOPLIST_FILE = Trivia/Info.plist;
				LD_RUNPATH_SEARCH_PATHS = (
					"$(inherited)",
					"@executable_path/Frameworks",
				);
				PRODUCT_BUNDLE_IDENTIFIER = "thomas-hamburger.Trivia";
				PRODUCT_NAME = "$(TARGET_NAME)";
				SWIFT_VERSION = 5.0;
				TARGETED_DEVICE_FAMILY = "1,2";
			};
			name = Debug;
		};
		E9FF4F1821C2A1140015AFEE /* Release */ = {
			isa = XCBuildConfiguration;
			baseConfigurationReference = 0867C5EC5C6D340FBE142A73 /* Pods-Trivia.release.xcconfig */;
			buildSettings = {
				ASSETCATALOG_COMPILER_APPICON_NAME = AppIcon;
				CODE_SIGN_STYLE = Automatic;
				DEVELOPMENT_TEAM = T2LS374DVV;
				INFOPLIST_FILE = Trivia/Info.plist;
				LD_RUNPATH_SEARCH_PATHS = (
					"$(inherited)",
					"@executable_path/Frameworks",
				);
				PRODUCT_BUNDLE_IDENTIFIER = "thomas-hamburger.Trivia";
				PRODUCT_NAME = "$(TARGET_NAME)";
				SWIFT_VERSION = 5.0;
				TARGETED_DEVICE_FAMILY = "1,2";
			};
			name = Release;
		};
/* End XCBuildConfiguration section */

/* Begin XCConfigurationList section */
		E9FF4EFF21C2A1120015AFEE /* Build configuration list for PBXProject "Trivia" */ = {
			isa = XCConfigurationList;
			buildConfigurations = (
				E9FF4F1421C2A1140015AFEE /* Debug */,
				E9FF4F1521C2A1140015AFEE /* Release */,
			);
			defaultConfigurationIsVisible = 0;
			defaultConfigurationName = Release;
		};
		E9FF4F1621C2A1140015AFEE /* Build configuration list for PBXNativeTarget "Trivia" */ = {
			isa = XCConfigurationList;
			buildConfigurations = (
				E9FF4F1721C2A1140015AFEE /* Debug */,
				E9FF4F1821C2A1140015AFEE /* Release */,
			);
			defaultConfigurationIsVisible = 0;
			defaultConfigurationName = Release;
		};
/* End XCConfigurationList section */
	};
	rootObject = E9FF4EFC21C2A1120015AFEE /* Project object */;
}
